<Solution>
  <Configurations>
    <Platform Name="Any CPU" />
    <Platform Name="x64" />
    <Platform Name="x86" />
  </Configurations>
  <Project Path="src/BorderlessLauncher/BorderlessLauncher.fsproj" />
  <Project Path="src/BorderlessLauncher.Window/BorderlessLauncher.Window.csproj" />
</Solution>
